
Microsoft Visual Studio Solution File, Format Version 12.00
# Visual Studio Version 16
VisualStudioVersion = 16.0.29503.13
MinimumVisualStudioVersion = 10.0.40219.1
Project("{FAE04EC0-301F-11D3-BF4B-00C04F79EFBC}") = "BookListMVCDiy", "BookListMVCDiy\BookListMVCDiy.csproj", "{104CA08F-3514-40FA-A27E-1E3575EBA8BD}"
EndProject
Global
	GlobalSection(SolutionConfigurationPlatforms) = preSolution
		Debug|Any CPU = Debug|Any CPU
		Release|Any CPU = Release|Any CPU
	EndGlobalSection
	GlobalSection(ProjectConfigurationPlatforms) = postSolution
		{104CA08F-3514-40FA-A27E-1E3575EBA8BD}.Debug|Any CPU.ActiveCfg = Debug|Any CPU
		{104CA08F-3514-40FA-A27E-1E3575EBA8BD}.Debug|Any CPU.Build.0 = Debug|Any CPU
		{104CA08F-3514-40FA-A27E-1E3575EBA8BD}.Release|Any CPU.ActiveCfg = Release|Any CPU
		{104CA08F-3514-40FA-A27E-1E3575EBA8BD}.Release|Any CPU.Build.0 = Release|Any CPU
	EndGlobalSection
	GlobalSection(SolutionProperties) = preSolution
		HideSolutionNode = FALSE
	EndGlobalSection
	GlobalSection(ExtensibilityGlobals) = postSolution
		SolutionGuid = {94C10627-3CEF-4AF3-92E1-9FC1D54C53CD}
	EndGlobalSection
EndGlobal
